Microsoft Visual Studio Solution File, Format Version 12.00
# Visual Studio Version 17
VisualStudioVersion = 17.0.31903.59
MinimumVisualStudioVersion = 10.0.40219.1
Project("{343DC4C1-3689-4AF4-B0F8-8497B8045B06}") = "Project_f09f3c42a74d42c78d926d12b72fb528_20250619080305368728", "Project_f09f3c42a74d42c78d926d12b72fb528_20250619080305368728.csproj", "{343DC4C1-3689-4AF4-B0F8-8497B8045B06}"
EndProject
Global
    GlobalSection(SolutionConfigurationPlatforms) = preSolution
        Debug|Any CPU = Debug|Any CPU
        Release|Any CPU = Release|Any CPU
    EndGlobalSection
    GlobalSection(ProjectConfigurationPlatforms) = postSolution
        {343DC4C1-3689-4AF4-B0F8-8497B8045B06}.Debug|Any CPU.ActiveCfg = Debug|Any CPU
        {343DC4C1-3689-4AF4-B0F8-8497B8045B06}.Debug|Any CPU.Build.0 = Debug|Any CPU
        {343DC4C1-3689-4AF4-B0F8-8497B8045B06}.Release|Any CPU.ActiveCfg = Release|Any CPU
        {343DC4C1-3689-4AF4-B0F8-8497B8045B06}.Release|Any CPU.Build.0 = Release|Any CPU
    EndGlobalSection
EndGlobal